PODS:
  - Flutter (1.0.0)
  - kakao_map_plugin (0.0.1):
    - Flutter

DEPENDENCIES:
  - Flutter (from `Flutter`)
  - kakao_map_plugin (from `.symlinks/plugins/kakao_map_plugin/ios`)

EXTERNAL SOURCES:
  Flutter:
    :path: Flutter
  kakao_map_plugin:
    :path: ".symlinks/plugins/kakao_map_plugin/ios"

SPEC CHECKSUMS:
  Flutter: cabc95a1d2626b1b06e7179b784ebcf0c0cde467
  kakao_map_plugin: 4d54a08bb9f59383c361f6f2d5526b5359ccb728

PODFILE CHECKSUM: 4b015915ec662986b54bf30ab778da63f7dda016

COCOAPODS: 1.17.0
